<?xml version="1.0" encoding="utf-8"?>
<Project ToolsVersion="4.0" xmlns="http://schemas.microsoft.com/developer/msbuild/2003">
  <ItemGroup>
    <FxCompile Include="Engine\DebugPixelShader.hlsl">
      <Filter>Engine\Shader</Filter>
    </FxCompile>
    <FxCompile Include="Engine\DebugVertexShader.hlsl">
      <Filter>Engine\Shader</Filter>
    </FxCompile>
    <FxCompile Include="Engine\TexturePixelShader.hlsl">
      <Filter>Engine\Shader</Filter>
    </FxCompile>
    <FxCompile Include="GrayPixelShader.hlsl">
      <Filter>Engine\Shader</Filter>
    </FxCompile>
  </ItemGroup>
  <ItemGroup>
    <ClCompile Include="ImGUI\imgui.cpp">
      <Filter>Engine\Library\ImGUI</Filter>
    </ClCompile>
    <ClCompile Include="ImGUI\imgui_demo.cpp">
      <Filter>Engine\Library\ImGUI</Filter>
    </ClCompile>
    <ClCompile Include="ImGUI\imgui_draw.cpp">
      <Filter>Engine\Library\ImGUI</Filter>
    </ClCompile>
    <ClCompile Include="ImGUI\imgui_impl_dx9.cpp">
      <Filter>Engine\Library\ImGUI</Filter>
    </ClCompile>
    <ClCompile Include="ImGUI\imgui_impl_dx10.cpp">
      <Filter>Engine\Library\ImGUI</Filter>
    </ClCompile>
    <ClCompile Include="ImGUI\imgui_impl_dx11.cpp">
      <Filter>Engine\Library\ImGUI</Filter>
    </ClCompile>
    <ClCompile Include="ImGUI\imgui_impl_dx12.cpp">
      <Filter>Engine\Library\ImGUI</Filter>
    </ClCompile>
    <ClCompile Include="ImGUI\imgui_impl_win32.cpp">
      <Filter>Engine\Library\ImGUI</Filter>
    </ClCompile>
    <ClCompile Include="ImGUI\imgui_tables.cpp">
      <Filter>Engine\Library\ImGUI</Filter>
    </ClCompile>
    <ClCompile Include="ImGUI\imgui_widgets.cpp">
      <Filter>Engine\Library\ImGUI</Filter>
    </ClCompile>
    <ClCompile Include="Engine\DirectX3DManager.cpp">
      <Filter>Engine\Manager</Filter>
    </ClCompile>
    <ClCompile Include="Engine\CameraManager.cpp">
      <Filter>Engine\Manager</Filter>
    </ClCompile>
    <ClCompile Include="Engine\BootScene.cpp">
      <Filter>Engine\Scene</Filter>
    </ClCompile>
    <ClCompile Include="Engine\FBX.cpp">
      <Filter>Engine\Object</Filter>
    </ClCompile>
    <ClCompile Include="Engine\Image.cpp">
      <Filter>Engine\Object</Filter>
    </ClCompile>
    <ClCompile Include="Engine\Texture.cpp">
      <Filter>Engine\Object</Filter>
    </ClCompile>
    <ClCompile Include="Engine\Triangle.cpp">
      <Filter>Engine\Object</Filter>
    </ClCompile>
    <ClCompile Include="Engine\ObjectManager.cpp">
      <Filter>Engine\Manager</Filter>
    </ClCompile>
    <ClCompile Include="Engine\SceneManager.cpp">
      <Filter>Engine\Manager</Filter>
    </ClCompile>
    <ClCompile Include="Main.cpp">
      <Filter>Engine</Filter>
    </ClCompile>
    <ClCompile Include="Engine\AudioManager.cpp">
      <Filter>Engine\Manager</Filter>
    </ClCompile>
    <ClCompile Include="Engine\InputManager.cpp">
      <Filter>Engine\Manager</Filter>
    </ClCompile>
    <ClCompile Include="Engine\CircleCollider.cpp">
      <Filter>Engine\Object</Filter>
    </ClCompile>
    <ClCompile Include="Engine\DirectX2DManager.cpp">
      <Filter>Engine\Manager</Filter>
    </ClCompile>
    <ClCompile Include="Engine\Box.cpp">
      <Filter>Engine\Object</Filter>
    </ClCompile>
    <ClCompile Include="TitleScene.cpp">
      <Filter>Source\Scene</Filter>
    </ClCompile>
    <ClCompile Include="RunningScene.cpp">
      <Filter>Source\Scene</Filter>
    </ClCompile>
    <ClCompile Include="ClearScene.cpp">
      <Filter>Source\Scene</Filter>
    </ClCompile>
    <ClCompile Include="Player.cpp">
      <Filter>Source\Object</Filter>
    </ClCompile>
    <ClCompile Include="Bullet.cpp">
      <Filter>Source\Object</Filter>
    </ClCompile>
    <ClCompile Include="Enemy.cpp">
      <Filter>Source\Object</Filter>
    </ClCompile>
    <ClCompile Include="ImageButton.cpp">
      <Filter>Source\Object</Filter>
    </ClCompile>
  </ItemGroup>
  <ItemGroup>
    <ClInclude Include="ImGUI\imgui.h">
      <Filter>Engine\Library\ImGUI</Filter>
    </ClInclude>
    <ClInclude Include="ImGUI\imgui_impl_android.h">
      <Filter>Engine\Library\ImGUI</Filter>
    </ClInclude>
    <ClInclude Include="ImGUI\imgui_impl_dx9.h">
      <Filter>Engine\Library\ImGUI</Filter>
    </ClInclude>
    <ClInclude Include="ImGUI\imgui_impl_dx10.h">
      <Filter>Engine\Library\ImGUI</Filter>
    </ClInclude>
    <ClInclude Include="ImGUI\imgui_impl_dx11.h">
      <Filter>Engine\Library\ImGUI</Filter>
    </ClInclude>
    <ClInclude Include="ImGUI\imgui_impl_dx12.h">
      <Filter>Engine\Library\ImGUI</Filter>
    </ClInclude>
    <ClInclude Include="ImGUI\imgui_impl_win32.h">
      <Filter>Engine\Library\ImGUI</Filter>
    </ClInclude>
    <ClInclude Include="ImGUI\imgui_internal.h">
      <Filter>Engine\Library\ImGUI</Filter>
    </ClInclude>
    <ClInclude Include="ImGUI\imstb_rectpack.h">
      <Filter>Engine\Library\ImGUI</Filter>
    </ClInclude>
    <ClInclude Include="ImGUI\imstb_textedit.h">
      <Filter>Engine\Library\ImGUI</Filter>
    </ClInclude>
    <ClInclude Include="ImGUI\imstb_truetype.h">
      <Filter>Engine\Library\ImGUI</Filter>
    </ClInclude>
    <ClInclude Include="Engine\DirectX3DManager.h">
      <Filter>Engine\Manager</Filter>
    </ClInclude>
    <ClInclude Include="Engine\CameraManager.h">
      <Filter>Engine\Manager</Filter>
    </ClInclude>
    <ClInclude Include="Engine\BaseScene.h">
      <Filter>Engine\Scene</Filter>
    </ClInclude>
    <ClInclude Include="Engine\BaseObject.h">
      <Filter>Engine\Object</Filter>
    </ClInclude>
    <ClInclude Include="Engine\BootScene.h">
      <Filter>Engine\Scene</Filter>
    </ClInclude>
    <ClInclude Include="Engine\AudioManager.h">
      <Filter>Engine\Manager</Filter>
    </ClInclude>
    <ClInclude Include="Engine\FBX.h">
      <Filter>Engine\Object</Filter>
    </ClInclude>
    <ClInclude Include="Engine\Image.h">
      <Filter>Engine\Object</Filter>
    </ClInclude>
    <ClInclude Include="ImGUI\imconfig.h">
      <Filter>Engine\Library\ImGUI</Filter>
    </ClInclude>
    <ClInclude Include="Engine\Texture.h">
      <Filter>Engine\Object</Filter>
    </ClInclude>
    <ClInclude Include="Engine\Triangle.h">
      <Filter>Engine\Object</Filter>
    </ClInclude>
    <ClInclude Include="Engine\InputManager.h">
      <Filter>Engine\Manager</Filter>
    </ClInclude>
    <ClInclude Include="Engine\LoggerManager.h">
      <Filter>Engine\Manager</Filter>
    </ClInclude>
    <ClInclude Include="Engine\ObjectManager.h">
      <Filter>Engine\Manager</Filter>
    </ClInclude>
    <ClInclude Include="Engine\SceneManager.h">
      <Filter>Engine\Manager</Filter>
    </ClInclude>
    <ClInclude Include="GameEngine.hpp">
      <Filter>Engine</Filter>
    </ClInclude>
    <ClInclude Include="Engine\CircleCollider.h">
      <Filter>Engine\Object</Filter>
    </ClInclude>
    <ClInclude Include="Engine\Collider.h">
      <Filter>Engine\Object</Filter>
    </ClInclude>
    <ClInclude Include="Engine\DirectX2DManager.h">
      <Filter>Engine\Manager</Filter>
    </ClInclude>
    <ClInclude Include="Engine\Box.h">
      <Filter>Engine\Object</Filter>
    </ClInclude>
    <ClInclude Include="TitleScene.h">
      <Filter>Source\Scene</Filter>
    </ClInclude>
    <ClInclude Include="RunningScene.h">
      <Filter>Source\Scene</Filter>
    </ClInclude>
    <ClInclude Include="ClearScene.h">
      <Filter>Source\Scene</Filter>
    </ClInclude>
    <ClInclude Include="Player.h">
      <Filter>Source\Object</Filter>
    </ClInclude>
    <ClInclude Include="Bullet.h">
      <Filter>Source\Object</Filter>
    </ClInclude>
    <ClInclude Include="Enemy.h">
      <Filter>Source\Object</Filter>
    </ClInclude>
    <ClInclude Include="ImageButton.h">
      <Filter>Source\Object</Filter>
    </ClInclude>
  </ItemGroup>
  <ItemGroup>
    <Filter Include="Engine">
      <UniqueIdentifier>{371c8e8c-e720-443e-9579-3efe10b5ad02}</UniqueIdentifier>
    </Filter>
    <Filter Include="Engine\Manager">
      <UniqueIdentifier>{e2385174-1b31-4dfa-8129-9497a9229256}</UniqueIdentifier>
    </Filter>
    <Filter Include="Engine\Object">
      <UniqueIdentifier>{33328eda-2e51-4a4c-a101-45f94922572a}</UniqueIdentifier>
    </Filter>
    <Filter Include="Engine\Shader">
      <UniqueIdentifier>{e1cd4e67-724b-4acd-ac63-50d6818d56da}</UniqueIdentifier>
    </Filter>
    <Filter Include="Engine\Library">
      <UniqueIdentifier>{50d4d22b-5b2b-493c-928c-3aa263995959}</UniqueIdentifier>
    </Filter>
    <Filter Include="Engine\Library\ImGUI">
      <UniqueIdentifier>{19683f9d-0adc-4f9b-bf4a-a45a0dd222ca}</UniqueIdentifier>
    </Filter>
    <Filter Include="Engine\Scene">
      <UniqueIdentifier>{501adf3f-be7b-482f-84fe-f81ab2ceef17}</UniqueIdentifier>
    </Filter>
    <Filter Include="Source">
      <UniqueIdentifier>{2ae4c4f3-2740-4a72-8db0-8e97ee4ac53a}</UniqueIdentifier>
    </Filter>
    <Filter Include="Source\Scene">
      <UniqueIdentifier>{e02e3857-c9ce-4de2-9e3e-95b14158c4d6}</UniqueIdentifier>
    </Filter>
    <Filter Include="Source\Object">
      <UniqueIdentifier>{2e44b09f-6b47-4633-8782-7d4bffd9525f}</UniqueIdentifier>
    </Filter>
  </ItemGroup>
</Project>